
Microsoft Visual Studio Solution File, Format Version 12.00
# Visual Studio Version 17
VisualStudioVersion = 17.4.33110.190
MinimumVisualStudioVersion = 10.0.40219.1
Project("{9A19103F-16F7-4668-BE54-9A1E7A4F7556}") = "SSU.DM.WebAssembly.Server", "SSU.DM.WebAssembly\Server\SSU.DM.WebAssembly.Server.csproj", "{AAC63A35-674A-4B62-A607-24B3434A3420}"
EndProject
Project("{9A19103F-16F7-4668-BE54-9A1E7A4F7556}") = "SSU.DM.WebAssembly.Client", "SSU.DM.WebAssembly\Client\SSU.DM.WebAssembly.Client.csproj", "{24FA5CCB-178F-4441-B7C6-845FEA469B23}"
EndProject
Project("{9A19103F-16F7-4668-BE54-9A1E7A4F7556}") = "SSU.DM.WebAssembly.Shared", "SSU.DM.WebAssembly\Shared\SSU.DM.WebAssembly.Shared.csproj", "{0A2F6C53-B856-4467-92D5-FA5C5B1A4C4B}"
EndProject
Project("{2150E333-8FDC-42A3-9474-1A3956D46DE8}") = "WebAssembly", "WebAssembly", "{915AA471-2A77-45B6-A646-404E1ED900DB}"
EndProject
Project("{9A19103F-16F7-4668-BE54-9A1E7A4F7556}") = "SSU.DM.DataAccessLayer", "SSU.DM.DataAccessLayer\SSU.DM.DataAccessLayer.csproj", "{C4DEEBC1-5960-4A03-817D-729F4B841DCF}"
EndProject
Project("{9A19103F-16F7-4668-BE54-9A1E7A4F7556}") = "Models", "Models\Models.csproj", "{6706A78E-0AAE-4622-86BC-E9243B34C453}"
EndProject
Project("{9A19103F-16F7-4668-BE54-9A1E7A4F7556}") = "SSU.DM.LogicLayer.Interfaces", "SSU.DM.LogicLayer.Interfaces\SSU.DM.LogicLayer.Interfaces.csproj", "{9F6615EA-0BF7-42E4-9EFE-A72BFA2435A6}"
EndProject
Project("{2150E333-8FDC-42A3-9474-1A3956D46DE8}") = "LogicLayer", "LogicLayer", "{D1565C4A-7EFB-4313-9E09-CDDB31522A6A}"
EndProject
Project("{2150E333-8FDC-42A3-9474-1A3956D46DE8}") = "Tools", "Tools", "{56892146-83A0-49FB-81E2-473A20F55B86}"
EndProject
Project("{9A19103F-16F7-4668-BE54-9A1E7A4F7556}") = "SSU.DM.ExcelParser", "SSU.DM.ExcelParser\SSU.DM.ExcelParser.csproj", "{A1129DF5-23B8-4A61-96A2-15C10AFDA241}"
EndProject
Project("{9A19103F-16F7-4668-BE54-9A1E7A4F7556}") = "SSU.DM.Tools.Interface", "SSU.DM.Tools.Interface\SSU.DM.Tools.Interface.csproj", "{5E6B377B-9B49-44A2-96B0-03E13FECF3A3}"
EndProject
Project("{2150E333-8FDC-42A3-9474-1A3956D46DE8}") = "DataAccess", "DataAccess", "{FBD8C0D3-BF6E-46FF-A07F-EDE9A9DF9C7A}"
EndProject
Project("{9A19103F-16F7-4668-BE54-9A1E7A4F7556}") = "SSU.DM.FileInserter", "SSU.DM.FileInserter\SSU.DM.FileInserter.csproj", "{3B440D6B-00BE-45A9-B01F-C84CE407E9CC}"
EndProject
Project("{9A19103F-16F7-4668-BE54-9A1E7A4F7556}") = "SSU.DM.ExcelWriter", "SSU.DM.ExcelWriter\SSU.DM.ExcelWriter.csproj", "{AD5826B1-B17E-4C13-89D1-148CA560BE60}"
EndProject
Project("{9A19103F-16F7-4668-BE54-9A1E7A4F7556}") = "SSU.DM.ServiceFactory", "SSU.DM.ServiceFactory\SSU.DM.ServiceFactory.csproj", "{D2F2F811-E9BA-4A6E-9892-55973D1283CD}"
EndProject
Project("{E53339B2-1760-4266-BCC7-CA923CBCF16C}") = "docker-compose", "docker-compose.dcproj", "{2CBD8759-E679-44FB-A667-7BE913D2F58F}"
EndProject
Project("{FAE04EC0-301F-11D3-BF4B-00C04F79EFBC}") = "SSU.DM.ExcelUtils", "SSU.DM.ExcelUtils\SSU.DM.ExcelUtils.csproj", "{6AD59A11-8880-40D1-B176-2CC99253CEE6}"
EndProject
Project("{FAE04EC0-301F-11D3-BF4B-00C04F79EFBC}") = "SSU.DM.LogicLayer", "SSU.DM.LogicLayer\SSU.DM.LogicLayer.csproj", "{C80C988A-93E6-42D0-A7E7-FB0E72E42B6D}"
EndProject
Project("{FAE04EC0-301F-11D3-BF4B-00C04F79EFBC}") = "SSU.DM.Authorization", "SSU.DM.Authorization\SSU.DM.Authorization.csproj", "{3AD4148C-28A2-4C3E-A3A7-1E536AC4F0A3}"
EndProject
Global
	GlobalSection(SolutionConfigurationPlatforms) = preSolution
		Debug|Any CPU = Debug|Any CPU
		Release|Any CPU = Release|Any CPU
	EndGlobalSection
	GlobalSection(ProjectConfigurationPlatforms) = postSolution
		{AAC63A35-674A-4B62-A607-24B3434A3420}.Debug|Any CPU.ActiveCfg = Debug|Any CPU
		{AAC63A35-674A-4B62-A607-24B3434A3420}.Debug|Any CPU.Build.0 = Debug|Any CPU
		{AAC63A35-674A-4B62-A607-24B3434A3420}.Release|Any CPU.ActiveCfg = Release|Any CPU
		{AAC63A35-674A-4B62-A607-24B3434A3420}.Release|Any CPU.Build.0 = Release|Any CPU
		{24FA5CCB-178F-4441-B7C6-845FEA469B23}.Debug|Any CPU.ActiveCfg = Debug|Any CPU
		{24FA5CCB-178F-4441-B7C6-845FEA469B23}.Debug|Any CPU.Build.0 = Debug|Any CPU
		{24FA5CCB-178F-4441-B7C6-845FEA469B23}.Release|Any CPU.ActiveCfg = Release|Any CPU
		{24FA5CCB-178F-4441-B7C6-845FEA469B23}.Release|Any CPU.Build.0 = Release|Any CPU
		{0A2F6C53-B856-4467-92D5-FA5C5B1A4C4B}.Debug|Any CPU.ActiveCfg = Debug|Any CPU
		{0A2F6C53-B856-4467-92D5-FA5C5B1A4C4B}.Debug|Any CPU.Build.0 = Debug|Any CPU
		{0A2F6C53-B856-4467-92D5-FA5C5B1A4C4B}.Release|Any CPU.ActiveCfg = Release|Any CPU
		{0A2F6C53-B856-4467-92D5-FA5C5B1A4C4B}.Release|Any CPU.Build.0 = Release|Any CPU
		{C4DEEBC1-5960-4A03-817D-729F4B841DCF}.Debug|Any CPU.ActiveCfg = Debug|Any CPU
		{C4DEEBC1-5960-4A03-817D-729F4B841DCF}.Debug|Any CPU.Build.0 = Debug|Any CPU
		{C4DEEBC1-5960-4A03-817D-729F4B841DCF}.Release|Any CPU.ActiveCfg = Release|Any CPU
		{C4DEEBC1-5960-4A03-817D-729F4B841DCF}.Release|Any CPU.Build.0 = Release|Any CPU
		{6706A78E-0AAE-4622-86BC-E9243B34C453}.Debug|Any CPU.ActiveCfg = Debug|Any CPU
		{6706A78E-0AAE-4622-86BC-E9243B34C453}.Debug|Any CPU.Build.0 = Debug|Any CPU
		{6706A78E-0AAE-4622-86BC-E9243B34C453}.Release|Any CPU.ActiveCfg = Release|Any CPU
		{6706A78E-0AAE-4622-86BC-E9243B34C453}.Release|Any CPU.Build.0 = Release|Any CPU
		{9F6615EA-0BF7-42E4-9EFE-A72BFA2435A6}.Debug|Any CPU.ActiveCfg = Debug|Any CPU
		{9F6615EA-0BF7-42E4-9EFE-A72BFA2435A6}.Debug|Any CPU.Build.0 = Debug|Any CPU
		{9F6615EA-0BF7-42E4-9EFE-A72BFA2435A6}.Release|Any CPU.ActiveCfg = Release|Any CPU
		{9F6615EA-0BF7-42E4-9EFE-A72BFA2435A6}.Release|Any CPU.Build.0 = Release|Any CPU
		{A1129DF5-23B8-4A61-96A2-15C10AFDA241}.Debug|Any CPU.ActiveCfg = Debug|Any CPU
		{A1129DF5-23B8-4A61-96A2-15C10AFDA241}.Debug|Any CPU.Build.0 = Debug|Any CPU
		{A1129DF5-23B8-4A61-96A2-15C10AFDA241}.Release|Any CPU.ActiveCfg = Release|Any CPU
		{A1129DF5-23B8-4A61-96A2-15C10AFDA241}.Release|Any CPU.Build.0 = Release|Any CPU
		{5E6B377B-9B49-44A2-96B0-03E13FECF3A3}.Debug|Any CPU.ActiveCfg = Debug|Any CPU
		{5E6B377B-9B49-44A2-96B0-03E13FECF3A3}.Debug|Any CPU.Build.0 = Debug|Any CPU
		{5E6B377B-9B49-44A2-96B0-03E13FECF3A3}.Release|Any CPU.ActiveCfg = Release|Any CPU
		{5E6B377B-9B49-44A2-96B0-03E13FECF3A3}.Release|Any CPU.Build.0 = Release|Any CPU
		{3B440D6B-00BE-45A9-B01F-C84CE407E9CC}.Debug|Any CPU.ActiveCfg = Debug|Any CPU
		{3B440D6B-00BE-45A9-B01F-C84CE407E9CC}.Debug|Any CPU.Build.0 = Debug|Any CPU
		{3B440D6B-00BE-45A9-B01F-C84CE407E9CC}.Release|Any CPU.ActiveCfg = Release|Any CPU
		{3B440D6B-00BE-45A9-B01F-C84CE407E9CC}.Release|Any CPU.Build.0 = Release|Any CPU
		{AD5826B1-B17E-4C13-89D1-148CA560BE60}.Debug|Any CPU.ActiveCfg = Debug|Any CPU
		{AD5826B1-B17E-4C13-89D1-148CA560BE60}.Debug|Any CPU.Build.0 = Debug|Any CPU
		{AD5826B1-B17E-4C13-89D1-148CA560BE60}.Release|Any CPU.ActiveCfg = Release|Any CPU
		{AD5826B1-B17E-4C13-89D1-148CA560BE60}.Release|Any CPU.Build.0 = Release|Any CPU
		{D2F2F811-E9BA-4A6E-9892-55973D1283CD}.Debug|Any CPU.ActiveCfg = Debug|Any CPU
		{D2F2F811-E9BA-4A6E-9892-55973D1283CD}.Debug|Any CPU.Build.0 = Debug|Any CPU
		{D2F2F811-E9BA-4A6E-9892-55973D1283CD}.Release|Any CPU.ActiveCfg = Release|Any CPU
		{D2F2F811-E9BA-4A6E-9892-55973D1283CD}.Release|Any CPU.Build.0 = Release|Any CPU
		{2CBD8759-E679-44FB-A667-7BE913D2F58F}.Debug|Any CPU.ActiveCfg = Debug|Any CPU
		{2CBD8759-E679-44FB-A667-7BE913D2F58F}.Debug|Any CPU.Build.0 = Debug|Any CPU
		{2CBD8759-E679-44FB-A667-7BE913D2F58F}.Release|Any CPU.ActiveCfg = Release|Any CPU
		{2CBD8759-E679-44FB-A667-7BE913D2F58F}.Release|Any CPU.Build.0 = Release|Any CPU
		{6AD59A11-8880-40D1-B176-2CC99253CEE6}.Debug|Any CPU.ActiveCfg = Debug|Any CPU
		{6AD59A11-8880-40D1-B176-2CC99253CEE6}.Debug|Any CPU.Build.0 = Debug|Any CPU
		{6AD59A11-8880-40D1-B176-2CC99253CEE6}.Release|Any CPU.ActiveCfg = Release|Any CPU
		{6AD59A11-8880-40D1-B176-2CC99253CEE6}.Release|Any CPU.Build.0 = Release|Any CPU
		{C80C988A-93E6-42D0-A7E7-FB0E72E42B6D}.Debug|Any CPU.ActiveCfg = Debug|Any CPU
		{C80C988A-93E6-42D0-A7E7-FB0E72E42B6D}.Debug|Any CPU.Build.0 = Debug|Any CPU
		{C80C988A-93E6-42D0-A7E7-FB0E72E42B6D}.Release|Any CPU.ActiveCfg = Release|Any CPU
		{C80C988A-93E6-42D0-A7E7-FB0E72E42B6D}.Release|Any CPU.Build.0 = Release|Any CPU
		{3AD4148C-28A2-4C3E-A3A7-1E536AC4F0A3}.Debug|Any CPU.ActiveCfg = Debug|Any CPU
		{3AD4148C-28A2-4C3E-A3A7-1E536AC4F0A3}.Debug|Any CPU.Build.0 = Debug|Any CPU
		{3AD4148C-28A2-4C3E-A3A7-1E536AC4F0A3}.Release|Any CPU.ActiveCfg = Release|Any CPU
		{3AD4148C-28A2-4C3E-A3A7-1E536AC4F0A3}.Release|Any CPU.Build.0 = Release|Any CPU
	EndGlobalSection
	GlobalSection(SolutionProperties) = preSolution
		HideSolutionNode = FALSE
	EndGlobalSection
	GlobalSection(NestedProjects) = preSolution
		{AAC63A35-674A-4B62-A607-24B3434A3420} = {915AA471-2A77-45B6-A646-404E1ED900DB}
		{24FA5CCB-178F-4441-B7C6-845FEA469B23} = {915AA471-2A77-45B6-A646-404E1ED900DB}
		{0A2F6C53-B856-4467-92D5-FA5C5B1A4C4B} = {915AA471-2A77-45B6-A646-404E1ED900DB}
		{C4DEEBC1-5960-4A03-817D-729F4B841DCF} = {FBD8C0D3-BF6E-46FF-A07F-EDE9A9DF9C7A}
		{9F6615EA-0BF7-42E4-9EFE-A72BFA2435A6} = {D1565C4A-7EFB-4313-9E09-CDDB31522A6A}
		{A1129DF5-23B8-4A61-96A2-15C10AFDA241} = {56892146-83A0-49FB-81E2-473A20F55B86}
		{5E6B377B-9B49-44A2-96B0-03E13FECF3A3} = {56892146-83A0-49FB-81E2-473A20F55B86}
		{3B440D6B-00BE-45A9-B01F-C84CE407E9CC} = {FBD8C0D3-BF6E-46FF-A07F-EDE9A9DF9C7A}
		{AD5826B1-B17E-4C13-89D1-148CA560BE60} = {56892146-83A0-49FB-81E2-473A20F55B86}
		{D2F2F811-E9BA-4A6E-9892-55973D1283CD} = {56892146-83A0-49FB-81E2-473A20F55B86}
		{6AD59A11-8880-40D1-B176-2CC99253CEE6} = {56892146-83A0-49FB-81E2-473A20F55B86}
		{C80C988A-93E6-42D0-A7E7-FB0E72E42B6D} = {D1565C4A-7EFB-4313-9E09-CDDB31522A6A}
		{3AD4148C-28A2-4C3E-A3A7-1E536AC4F0A3} = {56892146-83A0-49FB-81E2-473A20F55B86}
	EndGlobalSection
	GlobalSection(ExtensibilityGlobals) = postSolution
		SolutionGuid = {5915579C-A195-4581-845B-BBBD511476B0}
	EndGlobalSection
EndGlobal
